# THIS IS AN AUTOGENERATED FILE. DO NOT EDIT THIS FILE DIRECTLY.
# yarn lockfile v1


"@babel/runtime@^7.10.5", "@babel/runtime@^7.7.2":
  "integrity" "sha512-lkqXDcvlFT5rvEjiu6+QYO+1GXrEHRo2LOtS7E4GtX5ESIZOgepqsZBVIj6Pv+a6zqsya9VCgiK1KAK4BvJDAw=="
  "resolved" "https://registry.npmmirror.com/@babel/runtime/-/runtime-7.18.9.tgz"
  "version" "7.18.9"
  dependencies:
    "regenerator-runtime" "^0.13.4"

"import-html-entry@^1.12.0", "import-html-entry@^1.9.0":
  "integrity" "sha512-wloMEMwupKJ8DWvKsEzJTXhHVieEH8ylu9ebeQg7T9JUsPTo0Zwa1EkuSKgKJvOiA2MxAFkeYYvd/E2pKiFtWQ=="
  "resolved" "https://registry.npmmirror.com/import-html-entry/-/import-html-entry-1.12.0.tgz"
  "version" "1.12.0"
  dependencies:
    "@babel/runtime" "^7.7.2"

"lodash@^4.17.11":
  "integrity" "sha512-v2kDEe57lecTulaDIuNTPy3Ry4gLGJ6Z1O3vE1krgXZNrsQ+LFTGHVxVjcXPs17LhbZVGedAJv8XZ1tvj5FvSg=="
  "resolved" "https://registry.npmmirror.com/lodash/-/lodash-4.17.21.tgz"
  "version" "4.17.21"

"path-to-regexp@^6.2.1":
  "integrity" "sha512-JLyh7xT1kizaEvcaXOQwOc2/Yhw6KZOvPf1S8401UyLk86CU79LN3vl7ztXGm/pZ+YjoyAJ4rxmHwbkBXJX+yw=="
  "resolved" "https://registry.npmmirror.com/path-to-regexp/-/path-to-regexp-6.2.1.tgz"
  "version" "6.2.1"

"prettier@^2.7.1":
  "integrity" "sha512-ujppO+MkdPqoVINuDFDRLClm7D78qbDt0/NR+wp5FqEZOoTNAjPHWj17QRhu7geIHJfcNhRk1XVQmF8Bp3ye+g=="
  "resolved" "https://registry.npmmirror.com/prettier/-/prettier-2.7.1.tgz"
  "version" "2.7.1"

"qiankun@^2.7.4":
  "integrity" "sha512-aihz6ue94CdalEBHBpJGD2UjY30Er0FEy8KxQuxCuEffOFvCXrvBsUm5UkfW32pu4AmAD/yB+lxad0Vzt6l5KQ=="
  "resolved" "https://registry.npmmirror.com/qiankun/-/qiankun-2.7.4.tgz"
  "version" "2.7.4"
  dependencies:
    "@babel/runtime" "^7.10.5"
    "import-html-entry" "^1.9.0"
    "lodash" "^4.17.11"
    "single-spa" "^5.9.2"
    "tslib" "^1.10.0"

"regenerator-runtime@^0.13.4":
  "integrity" "sha512-p3VT+cOEgxFsRRA9X4lkI1E+k2/CtnKtU4gcxyaCUreilL/vqI6CdZ3wxVUx3UOUg+gnUOQQcRI7BmSI656MYA=="
  "resolved" "https://registry.npmmirror.com/regenerator-runtime/-/regenerator-runtime-0.13.9.tgz"
  "version" "0.13.9"

"single-spa@^5.9.2":
  "integrity" "sha512-QkEoh0AzGuU82qnbUUk0ydF78QbU5wMKqKKJn7uUQfBiOYlRQEfIOpLM4m23Sab+kTOLI1kbYhYeiQ7fX5KVVw=="
  "resolved" "https://registry.npmmirror.com/single-spa/-/single-spa-5.9.4.tgz"
  "version" "5.9.4"

"tslib@^1.10.0":
  "integrity" "sha512-Xni35NKzjgMrwevysHTCArtLDpPvye8zV/0E4EyYn43P7/7qvQwPh9BGkHewbMulVntbigmcT7rdX3BNo9wRJg=="
  "resolved" "https://registry.npmmirror.com/tslib/-/tslib-1.14.1.tgz"
  "version" "1.14.1"

"typescript@^4.8.2":
  "integrity" "sha512-goMHfm00nWPa8UvR/CPSvykqf6dVV8x/dp0c5mFTMTIu0u0FlGWRioyy7Nn0PGAdHxpJZnuO/ut+PpQ8UiHAig=="
  "resolved" "https://registry.npmmirror.com/typescript/-/typescript-4.8.3.tgz"
  "version" "4.8.3"
